// !$*UTF8*$!
{
	archiveVersion = 1;
	classes = {
	};
	objectVersion = 70;
	objects = {

/* Begin PBXBuildFile section */
		3B339D7A29A587AB00ACD0E3 /* HarborExampleTests.swift in Sources */ = {isa = PBXBuildFile; fileRef = 3B339D7929A587AB00ACD0E3 /* HarborExampleTests.swift */; };
		3B339D8429A587AB00ACD0E3 /* HarborExampleUITests.swift in Sources */ = {isa = PBXBuildFile; fileRef = 3B339D8329A587AB00ACD0E3 /* HarborExampleUITests.swift */; };
		3B339DA129A58CA400ACD0E3 /* Harbor in Frameworks */ = {isa = PBXBuildFile; productRef = 3B339DA029A58CA400ACD0E3 /* Harbor */; };
		3B7B82652C59A08C0029C7A7 /* HarborJRPC in Frameworks */ = {isa = PBXBuildFile; productRef = 3B7B82642C59A08C0029C7A7 /* HarborJRPC */; };
		8D9D58622EF05B7100F148DB /* Harbor in Frameworks */ = {isa = PBXBuildFile; productRef = 8D9D58612EF05B7100F148DB /* Harbor */; };
		8D9D58642EF05B7100F148DB /* HarborJRPC in Frameworks */ = {isa = PBXBuildFile; productRef = 8D9D58632EF05B7100F148DB /* HarborJRPC */; };
/* End PBXBuildFile section */

/* Begin PBXContainerItemProxy section */
		3B339D7629A587AB00ACD0E3 /* PBXContainerItemProxy */ = {
			isa = PBXContainerItemProxy;
			containerPortal = 3B339D5729A587A900ACD0E3 /* Project object */;
			proxyType = 1;
			remoteGlobalIDString = 3B339D5E29A587A900ACD0E3;
			remoteInfo = HarborExample;
		};
		3B339D8029A587AB00ACD0E3 /* PBXContainerItemProxy */ = {
			isa = PBXContainerItemProxy;
			containerPortal = 3B339D5729A587A900ACD0E3 /* Project object */;
			proxyType = 1;
			remoteGlobalIDString = 3B339D5E29A587A900ACD0E3;
			remoteInfo = HarborExample;
		};
/* End PBXContainerItemProxy section */

/* Begin PBXFileReference section */
		3B20D3A42EEB81CE003DC520 /* HarborTestPlan.xctestplan */ = {isa = PBXFileReference; lastKnownFileType = text; name = HarborTestPlan.xctestplan; path = ../Tests/HarborTestPlan.xctestplan; sourceTree = "<group>"; };
		3B339D5F29A587A900ACD0E3 /* HarborExample.app */ = {isa = PBXFileReference; explicitFileType = wrapper.application; includeInIndex = 0; path = HarborExample.app; sourceTree = BUILT_PRODUCTS_DIR; };
		3B339D7529A587AB00ACD0E3 /* HarborExampleTests.xctest */ = {isa = PBXFileReference; explicitFileType = wrapper.cfbundle; includeInIndex = 0; path = HarborExampleTests.xctest; sourceTree = BUILT_PRODUCTS_DIR; };
		3B339D7929A587AB00ACD0E3 /* HarborExampleTests.swift */ = {isa = PBXFileReference; lastKnownFileType = sourcecode.swift; path = HarborExampleTests.swift; sourceTree = "<group>"; };
		3B339D7F29A587AB00ACD0E3 /* HarborExampleUITests.xctest */ = {isa = PBXFileReference; explicitFileType = wrapper.cfbundle; includeInIndex = 0; path = HarborExampleUITests.xctest; sourceTree = BUILT_PRODUCTS_DIR; };
		3B339D8329A587AB00ACD0E3 /* HarborExampleUITests.swift */ = {isa = PBXFileReference; lastKnownFileType = sourcecode.swift; path = HarborExampleUITests.swift; sourceTree = "<group>"; };
		3B339D9E29A58C9200ACD0E3 /* Harbor */ = {isa = PBXFileReference; lastKnownFileType = wrapper; name = Harbor; path = ..; sourceTree = "<group>"; };
/* End PBXFileReference section */

/* Begin PBXFileSystemSynchronizedBuildFileExceptionSet section */
		8D9D58922EF0646900F148DB /* PBXFileSystemSynchronizedBuildFileExceptionSet */ = {
			isa = PBXFileSystemSynchronizedBuildFileExceptionSet;
			membershipExceptions = (
				Info.plist,
			);
			target = 3B339D5E29A587A900ACD0E3 /* HarborExample */;
		};
/* End PBXFileSystemSynchronizedBuildFileExceptionSet section */

/* Begin PBXFileSystemSynchronizedRootGroup section */
		8D9D58852EF0646900F148DB /* HarborExample */ = {isa = PBXFileSystemSynchronizedRootGroup; exceptions = (8D9D58922EF0646900F148DB /* PBXFileSystemSynchronizedBuildFileExceptionSet */, ); explicitFileTypes = {}; explicitFolders = (); path = HarborExample; sourceTree = "<group>"; };
/* End PBXFileSystemSynchronizedRootGroup section */

/* Begin PBXFrameworksBuildPhase section */
		3B339D5C29A587A900ACD0E3 /* Frameworks */ = {
			isa = PBXFrameworksBuildPhase;
			buildActionMask = 2147483647;
			files = (
				8D9D58622EF05B7100F148DB /* Harbor in Frameworks */,
				3B339DA129A58CA400ACD0E3 /* Harbor in Frameworks */,
				3B7B82652C59A08C0029C7A7 /* HarborJRPC in Frameworks */,
				8D9D58642EF05B7100F148DB /* HarborJRPC in Frameworks */,
			);
			runOnlyForDeploymentPostprocessing = 0;
		};
		3B339D7229A587AB00ACD0E3 /* Frameworks */ = {
			isa = PBXFrameworksBuildPhase;
			buildActionMask = 2147483647;
			files = (
			);
			runOnlyForDeploymentPostprocessing = 0;
		};
		3B339D7C29A587AB00ACD0E3 /* Frameworks */ = {
			isa = PBXFrameworksBuildPhase;
			buildActionMask = 2147483647;
			files = (
			);
			runOnlyForDeploymentPostprocessing = 0;
		};
/* End PBXFrameworksBuildPhase section */

/* Begin PBXGroup section */
		3B339D5629A587A900ACD0E3 = {
			isa = PBXGroup;
			children = (
				3B20D3A42EEB81CE003DC520 /* HarborTestPlan.xctestplan */,
				3B339D9229A5884100ACD0E3 /* Packages */,
				8D9D58852EF0646900F148DB /* HarborExample */,
				3B339D7829A587AB00ACD0E3 /* HarborExampleTests */,
				3B339D8229A587AB00ACD0E3 /* HarborExampleUITests */,
				3B339D6029A587A900ACD0E3 /* Products */,
				3B339D9F29A58CA000ACD0E3 /* Frameworks */,
			);
			sourceTree = "<group>";
		};
		3B339D6029A587A900ACD0E3 /* Products */ = {
			isa = PBXGroup;
			children = (
				3B339D5F29A587A900ACD0E3 /* HarborExample.app */,
				3B339D7529A587AB00ACD0E3 /* HarborExampleTests.xctest */,
				3B339D7F29A587AB00ACD0E3 /* HarborExampleUITests.xctest */,
			);
			name = Products;
			sourceTree = "<group>";
		};
		3B339D7829A587AB00ACD0E3 /* HarborExampleTests */ = {
			isa = PBXGroup;
			children = (
				3B339D7929A587AB00ACD0E3 /* HarborExampleTests.swift */,
			);
			path = HarborExampleTests;
			sourceTree = "<group>";
		};
		3B339D8229A587AB00ACD0E3 /* HarborExampleUITests */ = {
			isa = PBXGroup;
			children = (
				3B339D8329A587AB00ACD0E3 /* HarborExampleUITests.swift */,
			);
			path = HarborExampleUITests;
			sourceTree = "<group>";
		};
		3B339D9229A5884100ACD0E3 /* Packages */ = {
			isa = PBXGroup;
			children = (
				3B339D9E29A58C9200ACD0E3 /* Harbor */,
			);
			name = Packages;
			sourceTree = "<group>";
		};
		3B339D9F29A58CA000ACD0E3 /* Frameworks */ = {
			isa = PBXGroup;
			children = (
			);
			name = Frameworks;
			sourceTree = "<group>";
		};
/* End PBXGroup section */

/* Begin PBXNativeTarget section */
		3B339D5E29A587A900ACD0E3 /* HarborExample */ = {
			isa = PBXNativeTarget;
			buildConfigurationList = 3B339D8929A587AB00ACD0E3 /* Build configuration list for PBXNativeTarget "HarborExample" */;
			buildPhases = (
				3B339D5B29A587A900ACD0E3 /* Sources */,
				3B339D5C29A587A900ACD0E3 /* Frameworks */,
				3B339D5D29A587A900ACD0E3 /* Resources */,
			);
			buildRules = (
			);
			dependencies = (
			);
			fileSystemSynchronizedGroups = (
				8D9D58852EF0646900F148DB /* HarborExample */,
			);
			name = HarborExample;
			packageProductDependencies = (
				3B339DA029A58CA400ACD0E3 /* Harbor */,
				3B7B82642C59A08C0029C7A7 /* HarborJRPC */,
				8D9D58612EF05B7100F148DB /* Harbor */,
				8D9D58632EF05B7100F148DB /* HarborJRPC */,
			);
			productName = HarborExample;
			productReference = 3B339D5F29A587A900ACD0E3 /* HarborExample.app */;
			productType = "com.apple.product-type.application";
		};
		3B339D7429A587AB00ACD0E3 /* HarborExampleTests */ = {
			isa = PBXNativeTarget;
			buildConfigurationList = 3B339D8C29A587AB00ACD0E3 /* Build configuration list for PBXNativeTarget "HarborExampleTests" */;
			buildPhases = (
				3B339D7129A587AB00ACD0E3 /* Sources */,
				3B339D7229A587AB00ACD0E3 /* Frameworks */,
				3B339D7329A587AB00ACD0E3 /* Resources */,
			);
			buildRules = (
			);
			dependencies = (
				3B339D7729A587AB00ACD0E3 /* PBXTargetDependency */,
			);
			name = HarborExampleTests;
			productName = HarborExampleTests;
			productReference = 3B339D7529A587AB00ACD0E3 /* HarborExampleTests.xctest */;
			productType = "com.apple.product-type.bundle.unit-test";
		};
		3B339D7E29A587AB00ACD0E3 /* HarborExampleUITests */ = {
			isa = PBXNativeTarget;
			buildConfigurationList = 3B339D8F29A587AB00ACD0E3 /* Build configuration list for PBXNativeTarget "HarborExampleUITests" */;
			buildPhases = (
				3B339D7B29A587AB00ACD0E3 /* Sources */,
				3B339D7C29A587AB00ACD0E3 /* Frameworks */,
				3B339D7D29A587AB00ACD0E3 /* Resources */,
			);
			buildRules = (
			);
			dependencies = (
				3B339D8129A587AB00ACD0E3 /* PBXTargetDependency */,
			);
			name = HarborExampleUITests;
			productName = HarborExampleUITests;
			productReference = 3B339D7F29A587AB00ACD0E3 /* HarborExampleUITests.xctest */;
			productType = "com.apple.product-type.bundle.ui-testing";
		};
/* End PBXNativeTarget section */

/* Begin PBXProject section */
		3B339D5729A587A900ACD0E3 /* Project object */ = {
			isa = PBXProject;
			attributes = {
				BuildIndependentTargetsInParallel = 1;
				LastSwiftUpdateCheck = 1420;
				LastUpgradeCheck = 1420;
				TargetAttributes = {
					3B339D5E29A587A900ACD0E3 = {
						CreatedOnToolsVersion = 14.2;
					};
					3B339D7429A587AB00ACD0E3 = {
						CreatedOnToolsVersion = 14.2;
						TestTargetID = 3B339D5E29A587A900ACD0E3;
					};
					3B339D7E29A587AB00ACD0E3 = {
						CreatedOnToolsVersion = 14.2;
						TestTargetID = 3B339D5E29A587A900ACD0E3;
					};
				};
			};
			buildConfigurationList = 3B339D5A29A587A900ACD0E3 /* Build configuration list for PBXProject "HarborExample" */;
			compatibilityVersion = "Xcode 14.0";
			developmentRegion = en;
			hasScannedForEncodings = 0;
			knownRegions = (
				en,
				Base,
			);
			mainGroup = 3B339D5629A587A900ACD0E3;
			packageReferences = (
				8D9D58602EF05B7000F148DB /* XCLocalSwiftPackageReference "../../Harbor" */,
			);
			productRefGroup = 3B339D6029A587A900ACD0E3 /* Products */;
			projectDirPath = "";
			projectRoot = "";
			targets = (
				3B339D5E29A587A900ACD0E3 /* HarborExample */,
				3B339D7429A587AB00ACD0E3 /* HarborExampleTests */,
				3B339D7E29A587AB00ACD0E3 /* HarborExampleUITests */,
			);
		};
/* End PBXProject section */

/* Begin PBXResourcesBuildPhase section */
		3B339D5D29A587A900ACD0E3 /* Resources */ = {
			isa = PBXResourcesBuildPhase;
			buildActionMask = 2147483647;
			files = (
			);
			runOnlyForDeploymentPostprocessing = 0;
		};
		3B339D7329A587AB00ACD0E3 /* Resources */ = {
			isa = PBXResourcesBuildPhase;
			buildActionMask = 2147483647;
			files = (
			);
			runOnlyForDeploymentPostprocessing = 0;
		};
		3B339D7D29A587AB00ACD0E3 /* Resources */ = {
			isa = PBXResourcesBuildPhase;
			buildActionMask = 2147483647;
			files = (
			);
			runOnlyForDeploymentPostprocessing = 0;
		};
/* End PBXResourcesBuildPhase section */

/* Begin PBXSourcesBuildPhase section */
		3B339D5B29A587A900ACD0E3 /* Sources */ = {
			isa = PBXSourcesBuildPhase;
			buildActionMask = 2147483647;
			files = (
			);
			runOnlyForDeploymentPostprocessing = 0;
		};
		3B339D7129A587AB00ACD0E3 /* Sources */ = {
			isa = PBXSourcesBuildPhase;
			buildActionMask = 2147483647;
			files = (
				3B339D7A29A587AB00ACD0E3 /* HarborExampleTests.swift in Sources */,
			);
			runOnlyForDeploymentPostprocessing = 0;
		};
		3B339D7B29A587AB00ACD0E3 /* Sources */ = {
			isa = PBXSourcesBuildPhase;
			buildActionMask = 2147483647;
			files = (
				3B339D8429A587AB00ACD0E3 /* HarborExampleUITests.swift in Sources */,
			);
			runOnlyForDeploymentPostprocessing = 0;
		};
/* End PBXSourcesBuildPhase section */

/* Begin PBXTargetDependency section */
		3B339D7729A587AB00ACD0E3 /* PBXTargetDependency */ = {
			isa = PBXTargetDependency;
			target = 3B339D5E29A587A900ACD0E3 /* HarborExample */;
			targetProxy = 3B339D7629A587AB00ACD0E3 /* PBXContainerItemProxy */;
		};
		3B339D8129A587AB00ACD0E3 /* PBXTargetDependency */ = {
			isa = PBXTargetDependency;
			target = 3B339D5E29A587A900ACD0E3 /* HarborExample */;
			targetProxy = 3B339D8029A587AB00ACD0E3 /* PBXContainerItemProxy */;
		};
/* End PBXTargetDependency section */

/* Begin XCBuildConfiguration section */
		3B339D8729A587AB00ACD0E3 /* Debug */ = {
			isa = XCBuildConfiguration;
			buildSettings = {
				ALWAYS_SEARCH_USER_PATHS = NO;
				CLANG_ANALYZER_NONNULL = YES;
				CLANG_ANALYZER_NUMBER_OBJECT_CONVERSION = YES_AGGRESSIVE;
				CLANG_CXX_LANGUAGE_STANDARD = "gnu++20";
				CLANG_ENABLE_MODULES = YES;
				CLANG_ENABLE_OBJC_ARC = YES;
				CLANG_ENABLE_OBJC_WEAK = YES;
				CLANG_WARN_BLOCK_CAPTURE_AUTORELEASING = YES;
				CLANG_WARN_BOOL_CONVERSION = YES;
				CLANG_WARN_COMMA = YES;
				CLANG_WARN_CONSTANT_CONVERSION = YES;
				CLANG_WARN_DEPRECATED_OBJC_IMPLEMENTATIONS = YES;
				CLANG_WARN_DIRECT_OBJC_ISA_USAGE = YES_ERROR;
				CLANG_WARN_DOCUMENTATION_COMMENTS = YES;
				CLANG_WARN_EMPTY_BODY = YES;
				CLANG_WARN_ENUM_CONVERSION = YES;
				CLANG_WARN_INFINITE_RECURSION = YES;
				CLANG_WARN_INT_CONVERSION = YES;
				CLANG_WARN_NON_LITERAL_NULL_CONVERSION = YES;
				CLANG_WARN_OBJC_IMPLICIT_RETAIN_SELF = YES;
				CLANG_WARN_OBJC_LITERAL_CONVERSION = YES;
				CLANG_WARN_OBJC_ROOT_CLASS = YES_ERROR;
				CLANG_WARN_QUOTED_INCLUDE_IN_FRAMEWORK_HEADER = YES;
				CLANG_WARN_RANGE_LOOP_ANALYSIS = YES;
				CLANG_WARN_STRICT_PROTOTYPES = YES;
				CLANG_WARN_SUSPICIOUS_MOVE = YES;
				CLANG_WARN_UNGUARDED_AVAILABILITY = YES_AGGRESSIVE;
				CLANG_WARN_UNREACHABLE_CODE = YES;
				CLANG_WARN__DUPLICATE_METHOD_MATCH = YES;
				COPY_PHASE_STRIP = NO;
				DEBUG_INFORMATION_FORMAT = dwarf;
				ENABLE_STRICT_OBJC_MSGSEND = YES;
				ENABLE_TESTABILITY = YES;
				GCC_C_LANGUAGE_STANDARD = gnu11;
				GCC_DYNAMIC_NO_PIC = NO;
				GCC_NO_COMMON_BLOCKS = YES;
				GCC_OPTIMIZATION_LEVEL = 0;
				GCC_PREPROCESSOR_DEFINITIONS = (
					"DEBUG=1",
					"$(inherited)",
				);
				GCC_WARN_64_TO_32_BIT_CONVERSION = YES;
				GCC_WARN_ABOUT_RETURN_TYPE = YES_ERROR;
				GCC_WARN_UNDECLARED_SELECTOR = YES;
				GCC_WARN_UNINITIALIZED_AUTOS = YES_AGGRESSIVE;
				GCC_WARN_UNUSED_FUNCTION = YES;
				GCC_WARN_UNUSED_VARIABLE = YES;
				IPHONEOS_DEPLOYMENT_TARGET = 16.2;
				MTL_ENABLE_DEBUG_INFO = INCLUDE_SOURCE;
				MTL_FAST_MATH = YES;
				ONLY_ACTIVE_ARCH = YES;
				SDKROOT = iphoneos;
				SWIFT_ACTIVE_COMPILATION_CONDITIONS = DEBUG;
				SWIFT_OPTIMIZATION_LEVEL = "-Onone";
				SWIFT_STRICT_CONCURRENCY = complete;
			};
			name = Debug;
		};
		3B339D8829A587AB00ACD0E3 /* Release */ = {
			isa = XCBuildConfiguration;
			buildSettings = {
				ALWAYS_SEARCH_USER_PATHS = NO;
				CLANG_ANALYZER_NONNULL = YES;
				CLANG_ANALYZER_NUMBER_OBJECT_CONVERSION = YES_AGGRESSIVE;
				CLANG_CXX_LANGUAGE_STANDARD = "gnu++20";
				CLANG_ENABLE_MODULES = YES;
				CLANG_ENABLE_OBJC_ARC = YES;
				CLANG_ENABLE_OBJC_WEAK = YES;
				CLANG_WARN_BLOCK_CAPTURE_AUTORELEASING = YES;
				CLANG_WARN_BOOL_CONVERSION = YES;
				CLANG_WARN_COMMA = YES;
				CLANG_WARN_CONSTANT_CONVERSION = YES;
				CLANG_WARN_DEPRECATED_OBJC_IMPLEMENTATIONS = YES;
				CLANG_WARN_DIRECT_OBJC_ISA_USAGE = YES_ERROR;
				CLANG_WARN_DOCUMENTATION_COMMENTS = YES;
				CLANG_WARN_EMPTY_BODY = YES;
				CLANG_WARN_ENUM_CONVERSION = YES;
				CLANG_WARN_INFINITE_RECURSION = YES;
				CLANG_WARN_INT_CONVERSION = YES;
				CLANG_WARN_NON_LITERAL_NULL_CONVERSION = YES;
				CLANG_WARN_OBJC_IMPLICIT_RETAIN_SELF = YES;
				CLANG_WARN_OBJC_LITERAL_CONVERSION = YES;
				CLANG_WARN_OBJC_ROOT_CLASS = YES_ERROR;
				CLANG_WARN_QUOTED_INCLUDE_IN_FRAMEWORK_HEADER = YES;
				CLANG_WARN_RANGE_LOOP_ANALYSIS = YES;
				CLANG_WARN_STRICT_PROTOTYPES = YES;
				CLANG_WARN_SUSPICIOUS_MOVE = YES;
				CLANG_WARN_UNGUARDED_AVAILABILITY = YES_AGGRESSIVE;
				CLANG_WARN_UNREACHABLE_CODE = YES;
				CLANG_WARN__DUPLICATE_METHOD_MATCH = YES;
				COPY_PHASE_STRIP = NO;
				DEBUG_INFORMATION_FORMAT = "dwarf-with-dsym";
				ENABLE_NS_ASSERTIONS = NO;
				ENABLE_STRICT_OBJC_MSGSEND = YES;
				GCC_C_LANGUAGE_STANDARD = gnu11;
				GCC_NO_COMMON_BLOCKS = YES;
				GCC_WARN_64_TO_32_BIT_CONVERSION = YES;
				GCC_WARN_ABOUT_RETURN_TYPE = YES_ERROR;
				GCC_WARN_UNDECLARED_SELECTOR = YES;
				GCC_WARN_UNINITIALIZED_AUTOS = YES_AGGRESSIVE;
				GCC_WARN_UNUSED_FUNCTION = YES;
				GCC_WARN_UNUSED_VARIABLE = YES;
				IPHONEOS_DEPLOYMENT_TARGET = 16.2;
				MTL_ENABLE_DEBUG_INFO = NO;
				MTL_FAST_MATH = YES;
				SDKROOT = iphoneos;
				SWIFT_COMPILATION_MODE = wholemodule;
				SWIFT_OPTIMIZATION_LEVEL = "-O";
				SWIFT_STRICT_CONCURRENCY = complete;
				VALIDATE_PRODUCT = YES;
			};
			name = Release;
		};
		3B339D8A29A587AB00ACD0E3 /* Debug */ = {
			isa = XCBuildConfiguration;
			buildSettings = {
				ASSETCATALOG_COMPILER_APPICON_NAME = AppIcon;
				ASSETCATALOG_COMPILER_GLOBAL_ACCENT_COLOR_NAME = AccentColor;
				CODE_SIGN_STYLE = Automatic;
				CURRENT_PROJECT_VERSION = 1;
				GENERATE_INFOPLIST_FILE = YES;
				INFOPLIST_FILE = HarborExample/Info.plist;
				INFOPLIST_KEY_UIApplicationSupportsIndirectInputEvents = YES;
				INFOPLIST_KEY_UILaunchStoryboardName = LaunchScreen;
				INFOPLIST_KEY_UIMainStoryboardFile = "";
				INFOPLIST_KEY_UISupportedInterfaceOrientations_iPad = "UIInterfaceOrientationPortrait UIInterfaceOrientationPortraitUpsideDown UIInterfaceOrientationLandscapeLeft UIInterfaceOrientationLandscapeRight";
				INFOPLIST_KEY_UISupportedInterfaceOrientations_iPhone = "UIInterfaceOrientationPortrait UIInterfaceOrientationLandscapeLeft UIInterfaceOrientationLandscapeRight";
				IPHONEOS_DEPLOYMENT_TARGET = 15.6;
				LD_RUNPATH_SEARCH_PATHS = (
					"$(inherited)",
					"@executable_path/Frameworks",
				);
				MARKETING_VERSION = 1.0;
				PRODUCT_BUNDLE_IDENTIFIER = com.javiermanzo.HarborExample;
				PRODUCT_NAME = "$(TARGET_NAME)";
				SWIFT_EMIT_LOC_STRINGS = YES;
				SWIFT_VERSION = 5.0;
				TARGETED_DEVICE_FAMILY = "1,2";
			};
			name = Debug;
		};
		3B339D8B29A587AB00ACD0E3 /* Release */ = {
			isa = XCBuildConfiguration;
			buildSettings = {
				ASSETCATALOG_COMPILER_APPICON_NAME = AppIcon;
				ASSETCATALOG_COMPILER_GLOBAL_ACCENT_COLOR_NAME = AccentColor;
				CODE_SIGN_STYLE = Automatic;
				CURRENT_PROJECT_VERSION = 1;
				GENERATE_INFOPLIST_FILE = YES;
				INFOPLIST_FILE = HarborExample/Info.plist;
				INFOPLIST_KEY_UIApplicationSupportsIndirectInputEvents = YES;
				INFOPLIST_KEY_UILaunchStoryboardName = LaunchScreen;
				INFOPLIST_KEY_UIMainStoryboardFile = "";
				INFOPLIST_KEY_UISupportedInterfaceOrientations_iPad = "UIInterfaceOrientationPortrait UIInterfaceOrientationPortraitUpsideDown UIInterfaceOrientationLandscapeLeft UIInterfaceOrientationLandscapeRight";
				INFOPLIST_KEY_UISupportedInterfaceOrientations_iPhone = "UIInterfaceOrientationPortrait UIInterfaceOrientationLandscapeLeft UIInterfaceOrientationLandscapeRight";
				IPHONEOS_DEPLOYMENT_TARGET = 15.6;
				LD_RUNPATH_SEARCH_PATHS = (
					"$(inherited)",
					"@executable_path/Frameworks",
				);
				MARKETING_VERSION = 1.0;
				PRODUCT_BUNDLE_IDENTIFIER = com.javiermanzo.HarborExample;
				PRODUCT_NAME = "$(TARGET_NAME)";
				SWIFT_EMIT_LOC_STRINGS = YES;
				SWIFT_VERSION = 5.0;
				TARGETED_DEVICE_FAMILY = "1,2";
			};
			name = Release;
		};
		3B339D8D29A587AB00ACD0E3 /* Debug */ = {
			isa = XCBuildConfiguration;
			buildSettings = {
				BUNDLE_LOADER = "$(TEST_HOST)";
				CODE_SIGN_STYLE = Automatic;
				CURRENT_PROJECT_VERSION = 1;
				GENERATE_INFOPLIST_FILE = YES;
				IPHONEOS_DEPLOYMENT_TARGET = 15.6;
				MARKETING_VERSION = 1.0;
				PRODUCT_BUNDLE_IDENTIFIER = com.javiermanzo.HarborExampleTests;
				PRODUCT_NAME = "$(TARGET_NAME)";
				SWIFT_EMIT_LOC_STRINGS = NO;
				SWIFT_VERSION = 5.0;
				TARGETED_DEVICE_FAMILY = "1,2";
				TEST_HOST = "$(BUILT_PRODUCTS_DIR)/HarborExample.app/$(BUNDLE_EXECUTABLE_FOLDER_PATH)/HarborExample";
			};
			name = Debug;
		};
		3B339D8E29A587AB00ACD0E3 /* Release */ = {
			isa = XCBuildConfiguration;
			buildSettings = {
				BUNDLE_LOADER = "$(TEST_HOST)";
				CODE_SIGN_STYLE = Automatic;
				CURRENT_PROJECT_VERSION = 1;
				GENERATE_INFOPLIST_FILE = YES;
				IPHONEOS_DEPLOYMENT_TARGET = 15.6;
				MARKETING_VERSION = 1.0;
				PRODUCT_BUNDLE_IDENTIFIER = com.javiermanzo.HarborExampleTests;
				PRODUCT_NAME = "$(TARGET_NAME)";
				SWIFT_EMIT_LOC_STRINGS = NO;
				SWIFT_VERSION = 5.0;
				TARGETED_DEVICE_FAMILY = "1,2";
				TEST_HOST = "$(BUILT_PRODUCTS_DIR)/HarborExample.app/$(BUNDLE_EXECUTABLE_FOLDER_PATH)/HarborExample";
			};
			name = Release;
		};
		3B339D9029A587AB00ACD0E3 /* Debug */ = {
			isa = XCBuildConfiguration;
			buildSettings = {
				CODE_SIGN_STYLE = Automatic;
				CURRENT_PROJECT_VERSION = 1;
				GENERATE_INFOPLIST_FILE = YES;
				IPHONEOS_DEPLOYMENT_TARGET = 15.6;
				MARKETING_VERSION = 1.0;
				PRODUCT_BUNDLE_IDENTIFIER = com.javiermanzo.HarborExampleUITests;
				PRODUCT_NAME = "$(TARGET_NAME)";
				SWIFT_EMIT_LOC_STRINGS = NO;
				SWIFT_VERSION = 5.0;
				TARGETED_DEVICE_FAMILY = "1,2";
				TEST_TARGET_NAME = HarborExample;
			};
			name = Debug;
		};
		3B339D9129A587AB00ACD0E3 /* Release */ = {
			isa = XCBuildConfiguration;
			buildSettings = {
				CODE_SIGN_STYLE = Automatic;
				CURRENT_PROJECT_VERSION = 1;
				GENERATE_INFOPLIST_FILE = YES;
				IPHONEOS_DEPLOYMENT_TARGET = 15.6;
				MARKETING_VERSION = 1.0;
				PRODUCT_BUNDLE_IDENTIFIER = com.javiermanzo.HarborExampleUITests;
				PRODUCT_NAME = "$(TARGET_NAME)";
				SWIFT_EMIT_LOC_STRINGS = NO;
				SWIFT_VERSION = 5.0;
				TARGETED_DEVICE_FAMILY = "1,2";
				TEST_TARGET_NAME = HarborExample;
			};
			name = Release;
		};
/* End XCBuildConfiguration section */

/* Begin XCConfigurationList section */
		3B339D5A29A587A900ACD0E3 /* Build configuration list for PBXProject "HarborExample" */ = {
			isa = XCConfigurationList;
			buildConfigurations = (
				3B339D8729A587AB00ACD0E3 /* Debug */,
				3B339D8829A587AB00ACD0E3 /* Release */,
			);
			defaultConfigurationIsVisible = 0;
			defaultConfigurationName = Release;
		};
		3B339D8929A587AB00ACD0E3 /* Build configuration list for PBXNativeTarget "HarborExample" */ = {
			isa = XCConfigurationList;
			buildConfigurations = (
				3B339D8A29A587AB00ACD0E3 /* Debug */,
				3B339D8B29A587AB00ACD0E3 /* Release */,
			);
			defaultConfigurationIsVisible = 0;
			defaultConfigurationName = Release;
		};
		3B339D8C29A587AB00ACD0E3 /* Build configuration list for PBXNativeTarget "HarborExampleTests" */ = {
			isa = XCConfigurationList;
			buildConfigurations = (
				3B339D8D29A587AB00ACD0E3 /* Debug */,
				3B339D8E29A587AB00ACD0E3 /* Release */,
			);
			defaultConfigurationIsVisible = 0;
			defaultConfigurationName = Release;
		};
		3B339D8F29A587AB00ACD0E3 /* Build configuration list for PBXNativeTarget "HarborExampleUITests" */ = {
			isa = XCConfigurationList;
			buildConfigurations = (
				3B339D9029A587AB00ACD0E3 /* Debug */,
				3B339D9129A587AB00ACD0E3 /* Release */,
			);
			defaultConfigurationIsVisible = 0;
			defaultConfigurationName = Release;
		};
/* End XCConfigurationList section */

/* Begin XCLocalSwiftPackageReference section */
		8D9D58602EF05B7000F148DB /* XCLocalSwiftPackageReference "../../Harbor" */ = {
			isa = XCLocalSwiftPackageReference;
			relativePath = ../../Harbor;
		};
/* End XCLocalSwiftPackageReference section */

/* Begin XCSwiftPackageProductDependency section */
		3B339DA029A58CA400ACD0E3 /* Harbor */ = {
			isa = XCSwiftPackageProductDependency;
			productName = Harbor;
		};
		3B7B82642C59A08C0029C7A7 /* HarborJRPC */ = {
			isa = XCSwiftPackageProductDependency;
			productName = HarborJRPC;
		};
		8D9D58612EF05B7100F148DB /* Harbor */ = {
			isa = XCSwiftPackageProductDependency;
			productName = Harbor;
		};
		8D9D58632EF05B7100F148DB /* HarborJRPC */ = {
			isa = XCSwiftPackageProductDependency;
			productName = HarborJRPC;
		};
/* End XCSwiftPackageProductDependency section */
	};
	rootObject = 3B339D5729A587A900ACD0E3 /* Project object */;
}
