{
  "originHash" : "cb6a99f9d4cd8473f0d5d1dc3ccfe75e9afb5dc71829f1107c49ecad22890645",
  "pins" : [
    {
      "identity" : "logbird",
      "kind" : "remoteSourceControl",
      "location" : "https://github.com/javiermanzo/LogBird",
      "state" : {
        "revision" : "3f7331df016a16acadae21f3d1add82c66f08d29",
        "version" : "2.1.0"
      }
    }
  ],
  "version" : 3
}
